// !$*UTF8*$!
{
	archiveVersion = 1;
	classes = {
	};
	objectVersion = 50;
	objects = {

/* Begin PBXBuildFile section */
		375B924821DFF6A700536695 /* AppDelegate.swift in Sources */ = {isa = PBXBuildFile; fileRef = 375B924721DFF6A700536695 /* AppDelegate.swift */; };
		375B924D21DFF6A700536695 /* Main.storyboard in Resources */ = {isa = PBXBuildFile; fileRef = 375B924B21DFF6A700536695 /* Main.storyboard */; };
		375B924F21DFF6BA00536695 /* Assets.xcassets in Resources */ = {isa = PBXBuildFile; fileRef = 375B924E21DFF6BA00536695 /* Assets.xcassets */; };
		375B925221DFF6BB00536695 /* LaunchScreen.storyboard in Resources */ = {isa = PBXBuildFile; fileRef = 375B925021DFF6BB00536695 /* LaunchScreen.storyboard */; };
/* End PBXBuildFile section */

/* Begin PBXFileReference section */
		375B924421DFF6A600536695 /* MegaCSPProject.app */ = {isa = PBXFileReference; explicitFileType = wrapper.application; includeInIndex = 0; path = MegaCSPProject.app; sourceTree = BUILT_PRODUCTS_DIR; };
		375B924721DFF6A700536695 /* AppDelegate.swift */ = {isa = PBXFileReference; lastKnownFileType = sourcecode.swift; path = AppDelegate.swift; sourceTree = "<group>"; };
		375B924C21DFF6A700536695 /* Base */ = {isa = PBXFileReference; lastKnownFileType = file.storyboard; name = Base; path = Base.lproj/Main.storyboard; sourceTree = "<group>"; };
		375B924E21DFF6BA00536695 /* Assets.xcassets */ = {isa = PBXFileReference; lastKnownFileType = folder.assetcatalog; path = Assets.xcassets; sourceTree = "<group>"; };
		375B925121DFF6BB00536695 /* Base */ = {isa = PBXFileReference; lastKnownFileType = file.storyboard; name = Base; path = Base.lproj/LaunchScreen.storyboard; sourceTree = "<group>"; };
		375B925321DFF6BB00536695 /* Info.plist */ = {isa = PBXFileReference; lastKnownFileType = text.plist.xml; path = Info.plist; sourceTree = "<group>"; };
/* End PBXFileReference section */

/* Begin PBXFrameworksBuildPhase section */
		375B924121DFF6A600536695 /* Frameworks */ = {
			isa = PBXFrameworksBuildPhase;
			buildActionMask = 2147483647;
			files = (
			);
			runOnlyForDeploymentPostprocessing = 0;
		};
/* End PBXFrameworksBuildPhase section */

/* Begin PBXGroup section */
		375B923B21DFF6A600536695 = {
			isa = PBXGroup;
			children = (
				375B924621DFF6A600536695 /* MegaCSPProject */,
				375B924521DFF6A600536695 /* Products */,
			);
			sourceTree = "<group>";
		};
		375B924521DFF6A600536695 /* Products */ = {
			isa = PBXGroup;
			children = (
				375B924421DFF6A600536695 /* MegaCSPProject.app */,
			);
			name = Products;
			sourceTree = "<group>";
		};
		375B924621DFF6A600536695 /* MegaCSPProject */ = {
			isa = PBXGroup;
			children = (
				375B925921DFF76B00536695 /* Resources */,
				375B925B21DFF78900536695 /* Controller */,
				375B925A21DFF77B00536695 /* View */,
			);
			path = MegaCSPProject;
			sourceTree = "<group>";
		};
		375B925921DFF76B00536695 /* Resources */ = {
			isa = PBXGroup;
			children = (
				375B924721DFF6A700536695 /* AppDelegate.swift */,
				375B924E21DFF6BA00536695 /* Assets.xcassets */,
				375B925321DFF6BB00536695 /* Info.plist */,
			);
			path = Resources;
			sourceTree = "<group>";
		};
		375B925A21DFF77B00536695 /* View */ = {
			isa = PBXGroup;
			children = (
				375B924B21DFF6A700536695 /* Main.storyboard */,
				375B925021DFF6BB00536695 /* LaunchScreen.storyboard */,
			);
			path = View;
			sourceTree = "<group>";
		};
		375B925B21DFF78900536695 /* Controller */ = {
			isa = PBXGroup;
			children = (
				375B925C21DFF7B100536695 /* Data */,
				375B925D21DFF7C500536695 /* Creativity */,
				375B925E21DFF7D400536695 /* Abstraction */,
				375B925F21DFF7EA00536695 /* Algorithm */,
			);
			path = Controller;
			sourceTree = "<group>";
		};
		375B925C21DFF7B100536695 /* Data */ = {
			isa = PBXGroup;
			children = (
			);
			path = Data;
			sourceTree = "<group>";
		};
		375B925D21DFF7C500536695 /* Creativity */ = {
			isa = PBXGroup;
			children = (
			);
			path = Creativity;
			sourceTree = "<group>";
		};
		375B925E21DFF7D400536695 /* Abstraction */ = {
			isa = PBXGroup;
			children = (
			);
			path = Abstraction;
			sourceTree = "<group>";
		};
		375B925F21DFF7EA00536695 /* Algorithm */ = {
			isa = PBXGroup;
			children = (
			);
			path = Algorithm;
			sourceTree = "<group>";
		};
/* End PBXGroup section */

/* Begin PBXNativeTarget section */
		375B924321DFF6A600536695 /* MegaCSPProject */ = {
			isa = PBXNativeTarget;
			buildConfigurationList = 375B925621DFF6BB00536695 /* Build configuration list for PBXNativeTarget "MegaCSPProject" */;
			buildPhases = (
				375B924021DFF6A600536695 /* Sources */,
				375B924121DFF6A600536695 /* Frameworks */,
				375B924221DFF6A600536695 /* Resources */,
			);
			buildRules = (
			);
			dependencies = (
			);
			name = MegaCSPProject;
			productName = MegaCSPProject;
			productReference = 375B924421DFF6A600536695 /* MegaCSPProject.app */;
			productType = "com.apple.product-type.application";
		};
/* End PBXNativeTarget section */

/* Begin PBXProject section */
		375B923C21DFF6A600536695 /* Project object */ = {
			isa = PBXProject;
			attributes = {
				LastSwiftUpdateCheck = 1000;
				LastUpgradeCheck = 1000;
				ORGANIZATIONNAME = CSP;
				TargetAttributes = {
					375B924321DFF6A600536695 = {
						CreatedOnToolsVersion = 10.0;
					};
				};
			};
			buildConfigurationList = 375B923F21DFF6A600536695 /* Build configuration list for PBXProject "MegaCSPProject" */;
			compatibilityVersion = "Xcode 9.3";
			developmentRegion = en;
			hasScannedForEncodings = 0;
			knownRegions = (
				en,
				Base,
			);
			mainGroup = 375B923B21DFF6A600536695;
			productRefGroup = 375B924521DFF6A600536695 /* Products */;
			projectDirPath = "";
			projectRoot = "";
			targets = (
				375B924321DFF6A600536695 /* MegaCSPProject */,
			);
		};
/* End PBXProject section */

/* Begin PBXResourcesBuildPhase section */
		375B924221DFF6A600536695 /* Resources */ = {
			isa = PBXResourcesBuildPhase;
			buildActionMask = 2147483647;
			files = (
				375B925221DFF6BB00536695 /* LaunchScreen.storyboard in Resources */,
				375B924F21DFF6BA00536695 /* Assets.xcassets in Resources */,
				375B924D21DFF6A700536695 /* Main.storyboard in Resources */,
			);
			runOnlyForDeploymentPostprocessing = 0;
		};
/* End PBXResourcesBuildPhase section */

/* Begin PBXSourcesBuildPhase section */
		375B924021DFF6A600536695 /* Sources */ = {
			isa = PBXSourcesBuildPhase;
			buildActionMask = 2147483647;
			files = (
				375B924821DFF6A700536695 /* AppDelegate.swift in Sources */,
			);
			runOnlyForDeploymentPostprocessing = 0;
		};
/* End PBXSourcesBuildPhase section */

/* Begin PBXVariantGroup section */
		375B924B21DFF6A700536695 /* Main.storyboard */ = {
			isa = PBXVariantGroup;
			children = (
				375B924C21DFF6A700536695 /* Base */,
			);
			name = Main.storyboard;
			sourceTree = "<group>";
		};
		375B925021DFF6BB00536695 /* LaunchScreen.storyboard */ = {
			isa = PBXVariantGroup;
			children = (
				375B925121DFF6BB00536695 /* Base */,
			);
			name = LaunchScreen.storyboard;
			sourceTree = "<group>";
		};
/* End PBXVariantGroup section */

/* Begin XCBuildConfiguration section */
		375B925421DFF6BB00536695 /* Debug */ = {
			isa = XCBuildConfiguration;
			buildSettings = {
				ALWAYS_SEARCH_USER_PATHS = NO;
				CLANG_ANALYZER_NONNULL = YES;
				CLANG_ANALYZER_NUMBER_OBJECT_CONVERSION = YES_AGGRESSIVE;
				CLANG_CXX_LANGUAGE_STANDARD = "gnu++14";
				CLANG_CXX_LIBRARY = "libc++";
				CLANG_ENABLE_MODULES = YES;
				CLANG_ENABLE_OBJC_ARC = YES;
				CLANG_ENABLE_OBJC_WEAK = YES;
				CLANG_WARN_BLOCK_CAPTURE_AUTORELEASING = YES;
				CLANG_WARN_BOOL_CONVERSION = YES;
				CLANG_WARN_COMMA = YES;
				CLANG_WARN_CONSTANT_CONVERSION = YES;
				CLANG_WARN_DEPRECATED_OBJC_IMPLEMENTATIONS = YES;
				CLANG_WARN_DIRECT_OBJC_ISA_USAGE = YES_ERROR;
				CLANG_WARN_DOCUMENTATION_COMMENTS = YES;
				CLANG_WARN_EMPTY_BODY = YES;
				CLANG_WARN_ENUM_CONVERSION = YES;
				CLANG_WARN_INFINITE_RECURSION = YES;
				CLANG_WARN_INT_CONVERSION = YES;
				CLANG_WARN_NON_LITERAL_NULL_CONVERSION = YES;
				CLANG_WARN_OBJC_IMPLICIT_RETAIN_SELF = YES;
				CLANG_WARN_OBJC_LITERAL_CONVERSION = YES;
				CLANG_WARN_OBJC_ROOT_CLASS = YES_ERROR;
				CLANG_WARN_RANGE_LOOP_ANALYSIS = YES;
				CLANG_WARN_STRICT_PROTOTYPES = YES;
				CLANG_WARN_SUSPICIOUS_MOVE = YES;
				CLANG_WARN_UNGUARDED_AVAILABILITY = YES_AGGRESSIVE;
				CLANG_WARN_UNREACHABLE_CODE = YES;
				CLANG_WARN__DUPLICATE_METHOD_MATCH = YES;
				CODE_SIGN_IDENTITY = "iPhone Developer";
				COPY_PHASE_STRIP = NO;
				DEBUG_INFORMATION_FORMAT = dwarf;
				ENABLE_STRICT_OBJC_MSGSEND = YES;
				ENABLE_TESTABILITY = YES;
				GCC_C_LANGUAGE_STANDARD = gnu11;
				GCC_DYNAMIC_NO_PIC = NO;
				GCC_NO_COMMON_BLOCKS = YES;
				GCC_OPTIMIZATION_LEVEL = 0;
				GCC_PREPROCESSOR_DEFINITIONS = (
					"DEBUG=1",
					"$(inherited)",
				);
				GCC_WARN_64_TO_32_BIT_CONVERSION = YES;
				GCC_WARN_ABOUT_RETURN_TYPE = YES_ERROR;
				GCC_WARN_UNDECLARED_SELECTOR = YES;
				GCC_WARN_UNINITIALIZED_AUTOS = YES_AGGRESSIVE;
				GCC_WARN_UNUSED_FUNCTION = YES;
				GCC_WARN_UNUSED_VARIABLE = YES;
				IPHONEOS_DEPLOYMENT_TARGET = 12.0;
				MTL_ENABLE_DEBUG_INFO = INCLUDE_SOURCE;
				MTL_FAST_MATH = YES;
				ONLY_ACTIVE_ARCH = YES;
				SDKROOT = iphoneos;
				SWIFT_ACTIVE_COMPILATION_CONDITIONS = DEBUG;
				SWIFT_OPTIMIZATION_LEVEL = "-Onone";
			};
			name = Debug;
		};
		375B925521DFF6BB00536695 /* Release */ = {
			isa = XCBuildConfiguration;
			buildSettings = {
				ALWAYS_SEARCH_USER_PATHS = NO;
				CLANG_ANALYZER_NONNULL = YES;
				CLANG_ANALYZER_NUMBER_OBJECT_CONVERSION = YES_AGGRESSIVE;
				CLANG_CXX_LANGUAGE_STANDARD = "gnu++14";
				CLANG_CXX_LIBRARY = "libc++";
				CLANG_ENABLE_MODULES = YES;
				CLANG_ENABLE_OBJC_ARC = YES;
				CLANG_ENABLE_OBJC_WEAK = YES;
				CLANG_WARN_BLOCK_CAPTURE_AUTORELEASING = YES;
				CLANG_WARN_BOOL_CONVERSION = YES;
				CLANG_WARN_COMMA = YES;
				CLANG_WARN_CONSTANT_CONVERSION = YES;
				CLANG_WARN_DEPRECATED_OBJC_IMPLEMENTATIONS = YES;
				CLANG_WARN_DIRECT_OBJC_ISA_USAGE = YES_ERROR;
				CLANG_WARN_DOCUMENTATION_COMMENTS = YES;
				CLANG_WARN_EMPTY_BODY = YES;
				CLANG_WARN_ENUM_CONVERSION = YES;
				CLANG_WARN_INFINITE_RECURSION = YES;
				CLANG_WARN_INT_CONVERSION = YES;
				CLANG_WARN_NON_LITERAL_NULL_CONVERSION = YES;
				CLANG_WARN_OBJC_IMPLICIT_RETAIN_SELF = YES;
				CLANG_WARN_OBJC_LITERAL_CONVERSION = YES;
				CLANG_WARN_OBJC_ROOT_CLASS = YES_ERROR;
				CLANG_WARN_RANGE_LOOP_ANALYSIS = YES;
				CLANG_WARN_STRICT_PROTOTYPES = YES;
				CLANG_WARN_SUSPICIOUS_MOVE = YES;
				CLANG_WARN_UNGUARDED_AVAILABILITY = YES_AGGRESSIVE;
				CLANG_WARN_UNREACHABLE_CODE = YES;
				CLANG_WARN__DUPLICATE_METHOD_MATCH = YES;
				CODE_SIGN_IDENTITY = "iPhone Developer";
				COPY_PHASE_STRIP = NO;
				DEBUG_INFORMATION_FORMAT = "dwarf-with-dsym";
				ENABLE_NS_ASSERTIONS = NO;
				ENABLE_STRICT_OBJC_MSGSEND = YES;
				GCC_C_LANGUAGE_STANDARD = gnu11;
				GCC_NO_COMMON_BLOCKS = YES;
				GCC_WARN_64_TO_32_BIT_CONVERSION = YES;
				GCC_WARN_ABOUT_RETURN_TYPE = YES_ERROR;
				GCC_WARN_UNDECLARED_SELECTOR = YES;
				GCC_WARN_UNINITIALIZED_AUTOS = YES_AGGRESSIVE;
				GCC_WARN_UNUSED_FUNCTION = YES;
				GCC_WARN_UNUSED_VARIABLE = YES;
				IPHONEOS_DEPLOYMENT_TARGET = 12.0;
				MTL_ENABLE_DEBUG_INFO = NO;
				MTL_FAST_MATH = YES;
				SDKROOT = iphoneos;
				SWIFT_COMPILATION_MODE = wholemodule;
				SWIFT_OPTIMIZATION_LEVEL = "-O";
				VALIDATE_PRODUCT = YES;
			};
			name = Release;
		};
		375B925721DFF6BB00536695 /* Debug */ = {
			isa = XCBuildConfiguration;
			buildSettings = {
				ASSETCATALOG_COMPILER_APPICON_NAME = AppIcon;
				CODE_SIGN_STYLE = Automatic;
				INFOPLIST_FILE = "$(SRCROOT)/MegaCSPProject/Resources/Info.plist";
				LD_RUNPATH_SEARCH_PATHS = (
					"$(inherited)",
					"@executable_path/Frameworks",
				);
				PRODUCT_BUNDLE_IDENTIFIER = CTEC.MegaCSPProject;
				PRODUCT_NAME = "$(TARGET_NAME)";
				SWIFT_VERSION = 4.2;
				TARGETED_DEVICE_FAMILY = "1,2";
			};
			name = Debug;
		};
		375B925821DFF6BB00536695 /* Release */ = {
			isa = XCBuildConfiguration;
			buildSettings = {
				ASSETCATALOG_COMPILER_APPICON_NAME = AppIcon;
				CODE_SIGN_STYLE = Automatic;
				INFOPLIST_FILE = "$(SRCROOT)/MegaCSPProject/Resources/Info.plist";
				LD_RUNPATH_SEARCH_PATHS = (
					"$(inherited)",
					"@executable_path/Frameworks",
				);
				PRODUCT_BUNDLE_IDENTIFIER = CTEC.MegaCSPProject;
				PRODUCT_NAME = "$(TARGET_NAME)";
				SWIFT_VERSION = 4.2;
				TARGETED_DEVICE_FAMILY = "1,2";
			};
			name = Release;
		};
/* End XCBuildConfiguration section */

/* Begin XCConfigurationList section */
		375B923F21DFF6A600536695 /* Build configuration list for PBXProject "MegaCSPProject" */ = {
			isa = XCConfigurationList;
			buildConfigurations = (
				375B925421DFF6BB00536695 /* Debug */,
				375B925521DFF6BB00536695 /* Release */,
			);
			defaultConfigurationIsVisible = 0;
			defaultConfigurationName = Release;
		};
		375B925621DFF6BB00536695 /* Build configuration list for PBXNativeTarget "MegaCSPProject" */ = {
			isa = XCConfigurationList;
			buildConfigurations = (
				375B925721DFF6BB00536695 /* Debug */,
				375B925821DFF6BB00536695 /* Release */,
			);
			defaultConfigurationIsVisible = 0;
			defaultConfigurationName = Release;
		};
/* End XCConfigurationList section */
	};
	rootObject = 375B923C21DFF6A600536695 /* Project object */;
}
